
Microsoft Visual Studio Solution File, Format Version 12.00
# Visual Studio 14
VisualStudioVersion = 14.0.25420.1
MinimumVisualStudioVersion = 10.0.40219.1
Project("{FAE04EC0-301F-11D3-BF4B-00C04F79EFBC}") = "FlipCaseService", "FlipCaseService\FlipCaseService.csproj", "{79B0B027-5B75-44D6-BAFD-870A1DB28743}"
EndProject
Project("{FAE04EC0-301F-11D3-BF4B-00C04F79EFBC}") = "ConsoleClient", "ConsoleClient\ConsoleClient.csproj", "{22FBD5B1-0607-4838-895B-130DFCC58EE0}"
	ProjectSection(ProjectDependencies) = postProject
		{79B0B027-5B75-44D6-BAFD-870A1DB28743} = {79B0B027-5B75-44D6-BAFD-870A1DB28743}
	EndProjectSection
EndProject
Project("{FAE04EC0-301F-11D3-BF4B-00C04F79EFBC}") = "Win8PhotoUploader", "Win8PhotoUploader\Win8PhotoUploader.csproj", "{54B2F1B6-37D1-4B19-8FF3-A85A5AED92AD}"
EndProject
Project("{CC5FD16D-436D-48AD-A40C-5A424C6E3E79}") = "WebAppWriteToAzureTables", "WebAppWriteToAzureTables\WebAppWriteToAzureTables.ccproj", "{41DBEB57-CA86-4CFC-8AF3-32ECB58936A7}"
EndProject
Project("{FAE04EC0-301F-11D3-BF4B-00C04F79EFBC}") = "WebAppWriteToAzureTables_WebRole", "WebAppWriteToAzureTables_WebRole\WebAppWriteToAzureTables_WebRole.csproj", "{D70E5B83-2069-4C1D-A6EE-369E42E2BF00}"
EndProject
Project("{FAE04EC0-301F-11D3-BF4B-00C04F79EFBC}") = "DataAccessDemo", "DataAccessDemo\DataAccessDemo.csproj", "{6DED4A4E-2077-40DF-9A22-D331EAC03411}"
EndProject
Project("{FAE04EC0-301F-11D3-BF4B-00C04F79EFBC}") = "WebApiDemos.WebApiSvc", "WebApiDemos.WebApiSvc\WebApiDemos.WebApiSvc.csproj", "{423A04CC-73DE-4940-AF04-F137072ADF8D}"
EndProject
Project("{FAE04EC0-301F-11D3-BF4B-00C04F79EFBC}") = "WebApiDemos.WebApiClient", "WebApiDemos.WebApiClient\WebApiDemos.WebApiClient.csproj", "{14C3C085-BCE4-4933-84EA-7703C8EC4672}"
EndProject
Project("{FAE04EC0-301F-11D3-BF4B-00C04F79EFBC}") = "FlipCaseServiceContracts", "FlipCaseServiceContracts\FlipCaseServiceContracts.csproj", "{2656FFCA-64B0-4950-A17D-BCC25A1DAF9E}"
EndProject
Global
	GlobalSection(SolutionConfigurationPlatforms) = preSolution
		Debug|Any CPU = Debug|Any CPU
		Debug|ARM = Debug|ARM
		Debug|x64 = Debug|x64
		Debug|x86 = Debug|x86
		Release|Any CPU = Release|Any CPU
		Release|ARM = Release|ARM
		Release|x64 = Release|x64
		Release|x86 = Release|x86
	EndGlobalSection
	GlobalSection(ProjectConfigurationPlatforms) = postSolution
		{79B0B027-5B75-44D6-BAFD-870A1DB28743}.Debug|Any CPU.ActiveCfg = Debug|Any CPU
		{79B0B027-5B75-44D6-BAFD-870A1DB28743}.Debug|Any CPU.Build.0 = Debug|Any CPU
		{79B0B027-5B75-44D6-BAFD-870A1DB28743}.Debug|ARM.ActiveCfg = Debug|Any CPU
		{79B0B027-5B75-44D6-BAFD-870A1DB28743}.Debug|ARM.Build.0 = Debug|Any CPU
		{79B0B027-5B75-44D6-BAFD-870A1DB28743}.Debug|x64.ActiveCfg = Debug|Any CPU
		{79B0B027-5B75-44D6-BAFD-870A1DB28743}.Debug|x64.Build.0 = Debug|Any CPU
		{79B0B027-5B75-44D6-BAFD-870A1DB28743}.Debug|x86.ActiveCfg = Debug|Any CPU
		{79B0B027-5B75-44D6-BAFD-870A1DB28743}.Debug|x86.Build.0 = Debug|Any CPU
		{79B0B027-5B75-44D6-BAFD-870A1DB28743}.Release|Any CPU.ActiveCfg = Release|Any CPU
		{79B0B027-5B75-44D6-BAFD-870A1DB28743}.Release|Any CPU.Build.0 = Release|Any CPU
		{79B0B027-5B75-44D6-BAFD-870A1DB28743}.Release|ARM.ActiveCfg = Release|Any CPU
		{79B0B027-5B75-44D6-BAFD-870A1DB28743}.Release|ARM.Build.0 = Release|Any CPU
		{79B0B027-5B75-44D6-BAFD-870A1DB28743}.Release|x64.ActiveCfg = Release|Any CPU
		{79B0B027-5B75-44D6-BAFD-870A1DB28743}.Release|x64.Build.0 = Release|Any CPU
		{79B0B027-5B75-44D6-BAFD-870A1DB28743}.Release|x86.ActiveCfg = Release|Any CPU
		{79B0B027-5B75-44D6-BAFD-870A1DB28743}.Release|x86.Build.0 = Release|Any CPU
		{22FBD5B1-0607-4838-895B-130DFCC58EE0}.Debug|Any CPU.ActiveCfg = Debug|Any CPU
		{22FBD5B1-0607-4838-895B-130DFCC58EE0}.Debug|Any CPU.Build.0 = Debug|Any CPU
		{22FBD5B1-0607-4838-895B-130DFCC58EE0}.Debug|ARM.ActiveCfg = Debug|Any CPU
		{22FBD5B1-0607-4838-895B-130DFCC58EE0}.Debug|ARM.Build.0 = Debug|Any CPU
		{22FBD5B1-0607-4838-895B-130DFCC58EE0}.Debug|x64.ActiveCfg = Debug|Any CPU
		{22FBD5B1-0607-4838-895B-130DFCC58EE0}.Debug|x64.Build.0 = Debug|Any CPU
		{22FBD5B1-0607-4838-895B-130DFCC58EE0}.Debug|x86.ActiveCfg = Debug|Any CPU
		{22FBD5B1-0607-4838-895B-130DFCC58EE0}.Debug|x86.Build.0 = Debug|Any CPU
		{22FBD5B1-0607-4838-895B-130DFCC58EE0}.Release|Any CPU.ActiveCfg = Release|Any CPU
		{22FBD5B1-0607-4838-895B-130DFCC58EE0}.Release|Any CPU.Build.0 = Release|Any CPU
		{22FBD5B1-0607-4838-895B-130DFCC58EE0}.Release|ARM.ActiveCfg = Release|Any CPU
		{22FBD5B1-0607-4838-895B-130DFCC58EE0}.Release|ARM.Build.0 = Release|Any CPU
		{22FBD5B1-0607-4838-895B-130DFCC58EE0}.Release|x64.ActiveCfg = Release|Any CPU
		{22FBD5B1-0607-4838-895B-130DFCC58EE0}.Release|x64.Build.0 = Release|Any CPU
		{22FBD5B1-0607-4838-895B-130DFCC58EE0}.Release|x86.ActiveCfg = Release|Any CPU
		{22FBD5B1-0607-4838-895B-130DFCC58EE0}.Release|x86.Build.0 = Release|Any CPU
		{54B2F1B6-37D1-4B19-8FF3-A85A5AED92AD}.Debug|Any CPU.ActiveCfg = Debug|Any CPU
		{54B2F1B6-37D1-4B19-8FF3-A85A5AED92AD}.Debug|Any CPU.Build.0 = Debug|Any CPU
		{54B2F1B6-37D1-4B19-8FF3-A85A5AED92AD}.Debug|Any CPU.Deploy.0 = Debug|Any CPU
		{54B2F1B6-37D1-4B19-8FF3-A85A5AED92AD}.Debug|ARM.ActiveCfg = Debug|ARM
		{54B2F1B6-37D1-4B19-8FF3-A85A5AED92AD}.Debug|ARM.Build.0 = Debug|ARM
		{54B2F1B6-37D1-4B19-8FF3-A85A5AED92AD}.Debug|ARM.Deploy.0 = Debug|ARM
		{54B2F1B6-37D1-4B19-8FF3-A85A5AED92AD}.Debug|x64.ActiveCfg = Debug|x64
		{54B2F1B6-37D1-4B19-8FF3-A85A5AED92AD}.Debug|x64.Build.0 = Debug|x64
		{54B2F1B6-37D1-4B19-8FF3-A85A5AED92AD}.Debug|x64.Deploy.0 = Debug|x64
		{54B2F1B6-37D1-4B19-8FF3-A85A5AED92AD}.Debug|x86.ActiveCfg = Debug|x86
		{54B2F1B6-37D1-4B19-8FF3-A85A5AED92AD}.Debug|x86.Build.0 = Debug|x86
		{54B2F1B6-37D1-4B19-8FF3-A85A5AED92AD}.Debug|x86.Deploy.0 = Debug|x86
		{54B2F1B6-37D1-4B19-8FF3-A85A5AED92AD}.Release|Any CPU.ActiveCfg = Release|Any CPU
		{54B2F1B6-37D1-4B19-8FF3-A85A5AED92AD}.Release|Any CPU.Build.0 = Release|Any CPU
		{54B2F1B6-37D1-4B19-8FF3-A85A5AED92AD}.Release|Any CPU.Deploy.0 = Release|Any CPU
		{54B2F1B6-37D1-4B19-8FF3-A85A5AED92AD}.Release|ARM.ActiveCfg = Release|ARM
		{54B2F1B6-37D1-4B19-8FF3-A85A5AED92AD}.Release|ARM.Build.0 = Release|ARM
		{54B2F1B6-37D1-4B19-8FF3-A85A5AED92AD}.Release|ARM.Deploy.0 = Release|ARM
		{54B2F1B6-37D1-4B19-8FF3-A85A5AED92AD}.Release|x64.ActiveCfg = Release|x64
		{54B2F1B6-37D1-4B19-8FF3-A85A5AED92AD}.Release|x64.Build.0 = Release|x64
		{54B2F1B6-37D1-4B19-8FF3-A85A5AED92AD}.Release|x64.Deploy.0 = Release|x64
		{54B2F1B6-37D1-4B19-8FF3-A85A5AED92AD}.Release|x86.ActiveCfg = Release|x86
		{54B2F1B6-37D1-4B19-8FF3-A85A5AED92AD}.Release|x86.Build.0 = Release|x86
		{54B2F1B6-37D1-4B19-8FF3-A85A5AED92AD}.Release|x86.Deploy.0 = Release|x86
		{41DBEB57-CA86-4CFC-8AF3-32ECB58936A7}.Debug|Any CPU.ActiveCfg = Debug|Any CPU
		{41DBEB57-CA86-4CFC-8AF3-32ECB58936A7}.Debug|Any CPU.Build.0 = Debug|Any CPU
		{41DBEB57-CA86-4CFC-8AF3-32ECB58936A7}.Debug|ARM.ActiveCfg = Debug|Any CPU
		{41DBEB57-CA86-4CFC-8AF3-32ECB58936A7}.Debug|ARM.Build.0 = Debug|Any CPU
		{41DBEB57-CA86-4CFC-8AF3-32ECB58936A7}.Debug|x64.ActiveCfg = Debug|Any CPU
		{41DBEB57-CA86-4CFC-8AF3-32ECB58936A7}.Debug|x64.Build.0 = Debug|Any CPU
		{41DBEB57-CA86-4CFC-8AF3-32ECB58936A7}.Debug|x86.ActiveCfg = Debug|Any CPU
		{41DBEB57-CA86-4CFC-8AF3-32ECB58936A7}.Debug|x86.Build.0 = Debug|Any CPU
		{41DBEB57-CA86-4CFC-8AF3-32ECB58936A7}.Release|Any CPU.ActiveCfg = Release|Any CPU
		{41DBEB57-CA86-4CFC-8AF3-32ECB58936A7}.Release|Any CPU.Build.0 = Release|Any CPU
		{41DBEB57-CA86-4CFC-8AF3-32ECB58936A7}.Release|ARM.ActiveCfg = Release|Any CPU
		{41DBEB57-CA86-4CFC-8AF3-32ECB58936A7}.Release|ARM.Build.0 = Release|Any CPU
		{41DBEB57-CA86-4CFC-8AF3-32ECB58936A7}.Release|x64.ActiveCfg = Release|Any CPU
		{41DBEB57-CA86-4CFC-8AF3-32ECB58936A7}.Release|x64.Build.0 = Release|Any CPU
		{41DBEB57-CA86-4CFC-8AF3-32ECB58936A7}.Release|x86.ActiveCfg = Release|Any CPU
		{41DBEB57-CA86-4CFC-8AF3-32ECB58936A7}.Release|x86.Build.0 = Release|Any CPU
		{D70E5B83-2069-4C1D-A6EE-369E42E2BF00}.Debug|Any CPU.ActiveCfg = Debug|Any CPU
		{D70E5B83-2069-4C1D-A6EE-369E42E2BF00}.Debug|Any CPU.Build.0 = Debug|Any CPU
		{D70E5B83-2069-4C1D-A6EE-369E42E2BF00}.Debug|ARM.ActiveCfg = Debug|Any CPU
		{D70E5B83-2069-4C1D-A6EE-369E42E2BF00}.Debug|ARM.Build.0 = Debug|Any CPU
		{D70E5B83-2069-4C1D-A6EE-369E42E2BF00}.Debug|x64.ActiveCfg = Debug|Any CPU
		{D70E5B83-2069-4C1D-A6EE-369E42E2BF00}.Debug|x64.Build.0 = Debug|Any CPU
		{D70E5B83-2069-4C1D-A6EE-369E42E2BF00}.Debug|x86.ActiveCfg = Debug|Any CPU
		{D70E5B83-2069-4C1D-A6EE-369E42E2BF00}.Debug|x86.Build.0 = Debug|Any CPU
		{D70E5B83-2069-4C1D-A6EE-369E42E2BF00}.Release|Any CPU.ActiveCfg = Release|Any CPU
		{D70E5B83-2069-4C1D-A6EE-369E42E2BF00}.Release|Any CPU.Build.0 = Release|Any CPU
		{D70E5B83-2069-4C1D-A6EE-369E42E2BF00}.Release|ARM.ActiveCfg = Release|Any CPU
		{D70E5B83-2069-4C1D-A6EE-369E42E2BF00}.Release|ARM.Build.0 = Release|Any CPU
		{D70E5B83-2069-4C1D-A6EE-369E42E2BF00}.Release|x64.ActiveCfg = Release|Any CPU
		{D70E5B83-2069-4C1D-A6EE-369E42E2BF00}.Release|x64.Build.0 = Release|Any CPU
		{D70E5B83-2069-4C1D-A6EE-369E42E2BF00}.Release|x86.ActiveCfg = Release|Any CPU
		{D70E5B83-2069-4C1D-A6EE-369E42E2BF00}.Release|x86.Build.0 = Release|Any CPU
		{6DED4A4E-2077-40DF-9A22-D331EAC03411}.Debug|Any CPU.ActiveCfg = Debug|Any CPU
		{6DED4A4E-2077-40DF-9A22-D331EAC03411}.Debug|Any CPU.Build.0 = Debug|Any CPU
		{6DED4A4E-2077-40DF-9A22-D331EAC03411}.Debug|ARM.ActiveCfg = Debug|Any CPU
		{6DED4A4E-2077-40DF-9A22-D331EAC03411}.Debug|ARM.Build.0 = Debug|Any CPU
		{6DED4A4E-2077-40DF-9A22-D331EAC03411}.Debug|x64.ActiveCfg = Debug|Any CPU
		{6DED4A4E-2077-40DF-9A22-D331EAC03411}.Debug|x64.Build.0 = Debug|Any CPU
		{6DED4A4E-2077-40DF-9A22-D331EAC03411}.Debug|x86.ActiveCfg = Debug|Any CPU
		{6DED4A4E-2077-40DF-9A22-D331EAC03411}.Debug|x86.Build.0 = Debug|Any CPU
		{6DED4A4E-2077-40DF-9A22-D331EAC03411}.Release|Any CPU.ActiveCfg = Release|Any CPU
		{6DED4A4E-2077-40DF-9A22-D331EAC03411}.Release|Any CPU.Build.0 = Release|Any CPU
		{6DED4A4E-2077-40DF-9A22-D331EAC03411}.Release|ARM.ActiveCfg = Release|Any CPU
		{6DED4A4E-2077-40DF-9A22-D331EAC03411}.Release|ARM.Build.0 = Release|Any CPU
		{6DED4A4E-2077-40DF-9A22-D331EAC03411}.Release|x64.ActiveCfg = Release|Any CPU
		{6DED4A4E-2077-40DF-9A22-D331EAC03411}.Release|x64.Build.0 = Release|Any CPU
		{6DED4A4E-2077-40DF-9A22-D331EAC03411}.Release|x86.ActiveCfg = Release|Any CPU
		{6DED4A4E-2077-40DF-9A22-D331EAC03411}.Release|x86.Build.0 = Release|Any CPU
		{423A04CC-73DE-4940-AF04-F137072ADF8D}.Debug|Any CPU.ActiveCfg = Debug|Any CPU
		{423A04CC-73DE-4940-AF04-F137072ADF8D}.Debug|Any CPU.Build.0 = Debug|Any CPU
		{423A04CC-73DE-4940-AF04-F137072ADF8D}.Debug|ARM.ActiveCfg = Debug|Any CPU
		{423A04CC-73DE-4940-AF04-F137072ADF8D}.Debug|ARM.Build.0 = Debug|Any CPU
		{423A04CC-73DE-4940-AF04-F137072ADF8D}.Debug|x64.ActiveCfg = Debug|Any CPU
		{423A04CC-73DE-4940-AF04-F137072ADF8D}.Debug|x64.Build.0 = Debug|Any CPU
		{423A04CC-73DE-4940-AF04-F137072ADF8D}.Debug|x86.ActiveCfg = Debug|Any CPU
		{423A04CC-73DE-4940-AF04-F137072ADF8D}.Debug|x86.Build.0 = Debug|Any CPU
		{423A04CC-73DE-4940-AF04-F137072ADF8D}.Release|Any CPU.ActiveCfg = Release|Any CPU
		{423A04CC-73DE-4940-AF04-F137072ADF8D}.Release|Any CPU.Build.0 = Release|Any CPU
		{423A04CC-73DE-4940-AF04-F137072ADF8D}.Release|ARM.ActiveCfg = Release|Any CPU
		{423A04CC-73DE-4940-AF04-F137072ADF8D}.Release|ARM.Build.0 = Release|Any CPU
		{423A04CC-73DE-4940-AF04-F137072ADF8D}.Release|x64.ActiveCfg = Release|Any CPU
		{423A04CC-73DE-4940-AF04-F137072ADF8D}.Release|x64.Build.0 = Release|Any CPU
		{423A04CC-73DE-4940-AF04-F137072ADF8D}.Release|x86.ActiveCfg = Release|Any CPU
		{423A04CC-73DE-4940-AF04-F137072ADF8D}.Release|x86.Build.0 = Release|Any CPU
		{14C3C085-BCE4-4933-84EA-7703C8EC4672}.Debug|Any CPU.ActiveCfg = Debug|Any CPU
		{14C3C085-BCE4-4933-84EA-7703C8EC4672}.Debug|Any CPU.Build.0 = Debug|Any CPU
		{14C3C085-BCE4-4933-84EA-7703C8EC4672}.Debug|Any CPU.Deploy.0 = Debug|Any CPU
		{14C3C085-BCE4-4933-84EA-7703C8EC4672}.Debug|ARM.ActiveCfg = Debug|ARM
		{14C3C085-BCE4-4933-84EA-7703C8EC4672}.Debug|ARM.Build.0 = Debug|ARM
		{14C3C085-BCE4-4933-84EA-7703C8EC4672}.Debug|ARM.Deploy.0 = Debug|ARM
		{14C3C085-BCE4-4933-84EA-7703C8EC4672}.Debug|x64.ActiveCfg = Debug|x64
		{14C3C085-BCE4-4933-84EA-7703C8EC4672}.Debug|x64.Build.0 = Debug|x64
		{14C3C085-BCE4-4933-84EA-7703C8EC4672}.Debug|x64.Deploy.0 = Debug|x64
		{14C3C085-BCE4-4933-84EA-7703C8EC4672}.Debug|x86.ActiveCfg = Debug|x86
		{14C3C085-BCE4-4933-84EA-7703C8EC4672}.Debug|x86.Build.0 = Debug|x86
		{14C3C085-BCE4-4933-84EA-7703C8EC4672}.Debug|x86.Deploy.0 = Debug|x86
		{14C3C085-BCE4-4933-84EA-7703C8EC4672}.Release|Any CPU.ActiveCfg = Release|Any CPU
		{14C3C085-BCE4-4933-84EA-7703C8EC4672}.Release|Any CPU.Build.0 = Release|Any CPU
		{14C3C085-BCE4-4933-84EA-7703C8EC4672}.Release|Any CPU.Deploy.0 = Release|Any CPU
		{14C3C085-BCE4-4933-84EA-7703C8EC4672}.Release|ARM.ActiveCfg = Release|ARM
		{14C3C085-BCE4-4933-84EA-7703C8EC4672}.Release|ARM.Build.0 = Release|ARM
		{14C3C085-BCE4-4933-84EA-7703C8EC4672}.Release|ARM.Deploy.0 = Release|ARM
		{14C3C085-BCE4-4933-84EA-7703C8EC4672}.Release|x64.ActiveCfg = Release|x64
		{14C3C085-BCE4-4933-84EA-7703C8EC4672}.Release|x64.Build.0 = Release|x64
		{14C3C085-BCE4-4933-84EA-7703C8EC4672}.Release|x64.Deploy.0 = Release|x64
		{14C3C085-BCE4-4933-84EA-7703C8EC4672}.Release|x86.ActiveCfg = Release|x86
		{14C3C085-BCE4-4933-84EA-7703C8EC4672}.Release|x86.Build.0 = Release|x86
		{14C3C085-BCE4-4933-84EA-7703C8EC4672}.Release|x86.Deploy.0 = Release|x86
		{2656FFCA-64B0-4950-A17D-BCC25A1DAF9E}.Debug|Any CPU.ActiveCfg = Debug|Any CPU
		{2656FFCA-64B0-4950-A17D-BCC25A1DAF9E}.Debug|Any CPU.Build.0 = Debug|Any CPU
		{2656FFCA-64B0-4950-A17D-BCC25A1DAF9E}.Debug|ARM.ActiveCfg = Debug|Any CPU
		{2656FFCA-64B0-4950-A17D-BCC25A1DAF9E}.Debug|ARM.Build.0 = Debug|Any CPU
		{2656FFCA-64B0-4950-A17D-BCC25A1DAF9E}.Debug|x64.ActiveCfg = Debug|Any CPU
		{2656FFCA-64B0-4950-A17D-BCC25A1DAF9E}.Debug|x64.Build.0 = Debug|Any CPU
		{2656FFCA-64B0-4950-A17D-BCC25A1DAF9E}.Debug|x86.ActiveCfg = Debug|Any CPU
		{2656FFCA-64B0-4950-A17D-BCC25A1DAF9E}.Debug|x86.Build.0 = Debug|Any CPU
		{2656FFCA-64B0-4950-A17D-BCC25A1DAF9E}.Release|Any CPU.ActiveCfg = Release|Any CPU
		{2656FFCA-64B0-4950-A17D-BCC25A1DAF9E}.Release|Any CPU.Build.0 = Release|Any CPU
		{2656FFCA-64B0-4950-A17D-BCC25A1DAF9E}.Release|ARM.ActiveCfg = Release|Any CPU
		{2656FFCA-64B0-4950-A17D-BCC25A1DAF9E}.Release|ARM.Build.0 = Release|Any CPU
		{2656FFCA-64B0-4950-A17D-BCC25A1DAF9E}.Release|x64.ActiveCfg = Release|Any CPU
		{2656FFCA-64B0-4950-A17D-BCC25A1DAF9E}.Release|x64.Build.0 = Release|Any CPU
		{2656FFCA-64B0-4950-A17D-BCC25A1DAF9E}.Release|x86.ActiveCfg = Release|Any CPU
		{2656FFCA-64B0-4950-A17D-BCC25A1DAF9E}.Release|x86.Build.0 = Release|Any CPU
	EndGlobalSection
	GlobalSection(SolutionProperties) = preSolution
		HideSolutionNode = FALSE
	EndGlobalSection
EndGlobal
